
Microsoft Visual Studio Solution File, Format Version 12.00
# Visual Studio Version 17
VisualStudioVersion = 17.1.32328.378
MinimumVisualStudioVersion = 10.0.40219.1
Project("{2150E333-8FDC-42A3-9474-1A3956D46DE8}") = "ApiLayer", "ApiLayer", "{33E99DB7-8D8E-4896-9599-68771E67A469}"
EndProject
Project("{2150E333-8FDC-42A3-9474-1A3956D46DE8}") = "ServiceLayer", "ServiceLayer", "{083B4BF0-94AD-4DF4-99F3-25DB9A9EBCD9}"
EndProject
Project("{9A19103F-16F7-4668-BE54-9A1E7A4F7556}") = "ShoppingAPI", "APILayer\ShoppingAPI.csproj", "{4704D4FF-DB24-4140-B036-6DB65C8E44D3}"
EndProject
Project("{FAE04EC0-301F-11D3-BF4B-00C04F79EFBC}") = "ShoppingAPI.Types", "ShoppingAPI.Types\ShoppingAPI.Types.csproj", "{78BEAC08-551F-4E2B-9FB8-D840099B29EE}"
EndProject
Project("{FAE04EC0-301F-11D3-BF4B-00C04F79EFBC}") = "ShoppingAPI.Behaviours", "ShoppingAPI.Behaviours\ShoppingAPI.Behaviours.csproj", "{B1472170-5AAA-43F4-9154-74DCA82358B1}"
EndProject
Project("{FAE04EC0-301F-11D3-BF4B-00C04F79EFBC}") = "ShoppingAPI.Helpers", "ShoppingAPI.Helpers\ShoppingAPI.Helpers.csproj", "{15D5A4C2-A72B-44C4-87AD-BD15D137D238}"
EndProject
Project("{FAE04EC0-301F-11D3-BF4B-00C04F79EFBC}") = "ShoppingAPI.Validators", "ShoppingAPI.Validators\ShoppingAPI.Validators.csproj", "{2A74211C-6FC9-47DE-8D95-104DC9C761F5}"
EndProject
Project("{FAE04EC0-301F-11D3-BF4B-00C04F79EFBC}") = "ShoppingAPI.Helpers.Tests", "ShoppingAPI.Helpers.Tests\ShoppingAPI.Helpers.Tests.csproj", "{D13E2E91-D052-4B2A-A98F-8E41B7759474}"
EndProject
Project("{FAE04EC0-301F-11D3-BF4B-00C04F79EFBC}") = "Services.ProductServiceLayer", "Services.ProductServiceLayer\Services.ProductServiceLayer.csproj", "{45FAF7E8-51B9-435E-BC01-2D668E522EEF}"
EndProject
Project("{FAE04EC0-301F-11D3-BF4B-00C04F79EFBC}") = "Services.Behaviours", "Services.Behaviours\Services.Behaviours.csproj", "{A6BCAA00-E4BF-48C5-B732-0320D3783E61}"
EndProject
Project("{FAE04EC0-301F-11D3-BF4B-00C04F79EFBC}") = "Services.Types", "Services.Types\Services.Types.csproj", "{BC3D0EB8-59F0-4D23-978E-F3F5F577C1B3}"
EndProject
Project("{FAE04EC0-301F-11D3-BF4B-00C04F79EFBC}") = "Services.OrderServiceLayer", "Services.OrderServiceLayer\Services.OrderServiceLayer.csproj", "{B11B85EB-9701-4E67-8165-578575AB6946}"
EndProject
Project("{FAE04EC0-301F-11D3-BF4B-00C04F79EFBC}") = "Providers.Behaviours", "Providers.Behaviours\Providers.Behaviours.csproj", "{347FD8A3-C66C-4FDE-875E-64410B89CD2B}"
EndProject
Project("{2150E333-8FDC-42A3-9474-1A3956D46DE8}") = "ProviderLayer", "ProviderLayer", "{4B3ADC73-A872-4E12-BC59-E49D14E44547}"
EndProject
Project("{FAE04EC0-301F-11D3-BF4B-00C04F79EFBC}") = "Providers.ProductProviders", "Providers.ProductProviders\Providers.ProductProviders.csproj", "{0834D7C3-BC01-482A-B968-0963A50C5BFB}"
EndProject
Global
	GlobalSection(SolutionConfigurationPlatforms) = preSolution
		Debug|Any CPU = Debug|Any CPU
		Release|Any CPU = Release|Any CPU
	EndGlobalSection
	GlobalSection(ProjectConfigurationPlatforms) = postSolution
		{4704D4FF-DB24-4140-B036-6DB65C8E44D3}.Debug|Any CPU.ActiveCfg = Debug|Any CPU
		{4704D4FF-DB24-4140-B036-6DB65C8E44D3}.Debug|Any CPU.Build.0 = Debug|Any CPU
		{4704D4FF-DB24-4140-B036-6DB65C8E44D3}.Release|Any CPU.ActiveCfg = Release|Any CPU
		{4704D4FF-DB24-4140-B036-6DB65C8E44D3}.Release|Any CPU.Build.0 = Release|Any CPU
		{78BEAC08-551F-4E2B-9FB8-D840099B29EE}.Debug|Any CPU.ActiveCfg = Debug|Any CPU
		{78BEAC08-551F-4E2B-9FB8-D840099B29EE}.Debug|Any CPU.Build.0 = Debug|Any CPU
		{78BEAC08-551F-4E2B-9FB8-D840099B29EE}.Release|Any CPU.ActiveCfg = Release|Any CPU
		{78BEAC08-551F-4E2B-9FB8-D840099B29EE}.Release|Any CPU.Build.0 = Release|Any CPU
		{B1472170-5AAA-43F4-9154-74DCA82358B1}.Debug|Any CPU.ActiveCfg = Debug|Any CPU
		{B1472170-5AAA-43F4-9154-74DCA82358B1}.Debug|Any CPU.Build.0 = Debug|Any CPU
		{B1472170-5AAA-43F4-9154-74DCA82358B1}.Release|Any CPU.ActiveCfg = Release|Any CPU
		{B1472170-5AAA-43F4-9154-74DCA82358B1}.Release|Any CPU.Build.0 = Release|Any CPU
		{15D5A4C2-A72B-44C4-87AD-BD15D137D238}.Debug|Any CPU.ActiveCfg = Debug|Any CPU
		{15D5A4C2-A72B-44C4-87AD-BD15D137D238}.Debug|Any CPU.Build.0 = Debug|Any CPU
		{15D5A4C2-A72B-44C4-87AD-BD15D137D238}.Release|Any CPU.ActiveCfg = Release|Any CPU
		{15D5A4C2-A72B-44C4-87AD-BD15D137D238}.Release|Any CPU.Build.0 = Release|Any CPU
		{2A74211C-6FC9-47DE-8D95-104DC9C761F5}.Debug|Any CPU.ActiveCfg = Debug|Any CPU
		{2A74211C-6FC9-47DE-8D95-104DC9C761F5}.Debug|Any CPU.Build.0 = Debug|Any CPU
		{2A74211C-6FC9-47DE-8D95-104DC9C761F5}.Release|Any CPU.ActiveCfg = Release|Any CPU
		{2A74211C-6FC9-47DE-8D95-104DC9C761F5}.Release|Any CPU.Build.0 = Release|Any CPU
		{D13E2E91-D052-4B2A-A98F-8E41B7759474}.Debug|Any CPU.ActiveCfg = Debug|Any CPU
		{D13E2E91-D052-4B2A-A98F-8E41B7759474}.Debug|Any CPU.Build.0 = Debug|Any CPU
		{D13E2E91-D052-4B2A-A98F-8E41B7759474}.Release|Any CPU.ActiveCfg = Release|Any CPU
		{D13E2E91-D052-4B2A-A98F-8E41B7759474}.Release|Any CPU.Build.0 = Release|Any CPU
		{45FAF7E8-51B9-435E-BC01-2D668E522EEF}.Debug|Any CPU.ActiveCfg = Debug|Any CPU
		{45FAF7E8-51B9-435E-BC01-2D668E522EEF}.Debug|Any CPU.Build.0 = Debug|Any CPU
		{45FAF7E8-51B9-435E-BC01-2D668E522EEF}.Release|Any CPU.ActiveCfg = Release|Any CPU
		{45FAF7E8-51B9-435E-BC01-2D668E522EEF}.Release|Any CPU.Build.0 = Release|Any CPU
		{A6BCAA00-E4BF-48C5-B732-0320D3783E61}.Debug|Any CPU.ActiveCfg = Debug|Any CPU
		{A6BCAA00-E4BF-48C5-B732-0320D3783E61}.Debug|Any CPU.Build.0 = Debug|Any CPU
		{A6BCAA00-E4BF-48C5-B732-0320D3783E61}.Release|Any CPU.ActiveCfg = Release|Any CPU
		{A6BCAA00-E4BF-48C5-B732-0320D3783E61}.Release|Any CPU.Build.0 = Release|Any CPU
		{BC3D0EB8-59F0-4D23-978E-F3F5F577C1B3}.Debug|Any CPU.ActiveCfg = Debug|Any CPU
		{BC3D0EB8-59F0-4D23-978E-F3F5F577C1B3}.Debug|Any CPU.Build.0 = Debug|Any CPU
		{BC3D0EB8-59F0-4D23-978E-F3F5F577C1B3}.Release|Any CPU.ActiveCfg = Release|Any CPU
		{BC3D0EB8-59F0-4D23-978E-F3F5F577C1B3}.Release|Any CPU.Build.0 = Release|Any CPU
		{B11B85EB-9701-4E67-8165-578575AB6946}.Debug|Any CPU.ActiveCfg = Debug|Any CPU
		{B11B85EB-9701-4E67-8165-578575AB6946}.Debug|Any CPU.Build.0 = Debug|Any CPU
		{B11B85EB-9701-4E67-8165-578575AB6946}.Release|Any CPU.ActiveCfg = Release|Any CPU
		{B11B85EB-9701-4E67-8165-578575AB6946}.Release|Any CPU.Build.0 = Release|Any CPU
		{347FD8A3-C66C-4FDE-875E-64410B89CD2B}.Debug|Any CPU.ActiveCfg = Debug|Any CPU
		{347FD8A3-C66C-4FDE-875E-64410B89CD2B}.Debug|Any CPU.Build.0 = Debug|Any CPU
		{347FD8A3-C66C-4FDE-875E-64410B89CD2B}.Release|Any CPU.ActiveCfg = Release|Any CPU
		{347FD8A3-C66C-4FDE-875E-64410B89CD2B}.Release|Any CPU.Build.0 = Release|Any CPU
		{0834D7C3-BC01-482A-B968-0963A50C5BFB}.Debug|Any CPU.ActiveCfg = Debug|Any CPU
		{0834D7C3-BC01-482A-B968-0963A50C5BFB}.Debug|Any CPU.Build.0 = Debug|Any CPU
		{0834D7C3-BC01-482A-B968-0963A50C5BFB}.Release|Any CPU.ActiveCfg = Release|Any CPU
		{0834D7C3-BC01-482A-B968-0963A50C5BFB}.Release|Any CPU.Build.0 = Release|Any CPU
	EndGlobalSection
	GlobalSection(SolutionProperties) = preSolution
		HideSolutionNode = FALSE
	EndGlobalSection
	GlobalSection(NestedProjects) = preSolution
		{4704D4FF-DB24-4140-B036-6DB65C8E44D3} = {33E99DB7-8D8E-4896-9599-68771E67A469}
		{78BEAC08-551F-4E2B-9FB8-D840099B29EE} = {33E99DB7-8D8E-4896-9599-68771E67A469}
		{B1472170-5AAA-43F4-9154-74DCA82358B1} = {33E99DB7-8D8E-4896-9599-68771E67A469}
		{15D5A4C2-A72B-44C4-87AD-BD15D137D238} = {33E99DB7-8D8E-4896-9599-68771E67A469}
		{2A74211C-6FC9-47DE-8D95-104DC9C761F5} = {33E99DB7-8D8E-4896-9599-68771E67A469}
		{D13E2E91-D052-4B2A-A98F-8E41B7759474} = {33E99DB7-8D8E-4896-9599-68771E67A469}
		{45FAF7E8-51B9-435E-BC01-2D668E522EEF} = {083B4BF0-94AD-4DF4-99F3-25DB9A9EBCD9}
		{A6BCAA00-E4BF-48C5-B732-0320D3783E61} = {083B4BF0-94AD-4DF4-99F3-25DB9A9EBCD9}
		{BC3D0EB8-59F0-4D23-978E-F3F5F577C1B3} = {083B4BF0-94AD-4DF4-99F3-25DB9A9EBCD9}
		{B11B85EB-9701-4E67-8165-578575AB6946} = {083B4BF0-94AD-4DF4-99F3-25DB9A9EBCD9}
		{347FD8A3-C66C-4FDE-875E-64410B89CD2B} = {4B3ADC73-A872-4E12-BC59-E49D14E44547}
		{0834D7C3-BC01-482A-B968-0963A50C5BFB} = {4B3ADC73-A872-4E12-BC59-E49D14E44547}
	EndGlobalSection
	GlobalSection(ExtensibilityGlobals) = postSolution
		SolutionGuid = {D04F4C16-29C9-4CDA-A7D5-9BF74E7DA0EF}
	EndGlobalSection
EndGlobal
